
Microsoft Visual Studio Solution File, Format Version 12.00
# Visual Studio 2013
VisualStudioVersion = 12.0.31101.0
MinimumVisualStudioVersion = 10.0.40219.1
Project("{FAE04EC0-301F-11D3-BF4B-00C04F79EFBC}") = "Hackerrank_Algo_Connected_Cells_Grid", "Hackerrank_Algo_Connected_Cells_Grid\Hackerrank_Algo_Connected_Cells_Grid.csproj", "{FE819969-D356-4DE4-99B3-9865E206464C}"
EndProject
Global
	GlobalSection(SolutionConfigurationPlatforms) = preSolution
		Debug|Any CPU = Debug|Any CPU
		Release|Any CPU = Release|Any CPU
	EndGlobalSection
	GlobalSection(ProjectConfigurationPlatforms) = postSolution
		{FE819969-D356-4DE4-99B3-9865E206464C}.Debug|Any CPU.ActiveCfg = Debug|Any CPU
		{FE819969-D356-4DE4-99B3-9865E206464C}.Debug|Any CPU.Build.0 = Debug|Any CPU
		{FE819969-D356-4DE4-99B3-9865E206464C}.Release|Any CPU.ActiveCfg = Release|Any CPU
		{FE819969-D356-4DE4-99B3-9865E206464C}.Release|Any CPU.Build.0 = Release|Any CPU
	EndGlobalSection
	GlobalSection(SolutionProperties) = preSolution
		HideSolutionNode = FALSE
	EndGlobalSection
EndGlobal
